
Microsoft Visual Studio Solution File, Format Version 12.00
# Visual Studio 15
VisualStudioVersion = 15.0.28010.2036
MinimumVisualStudioVersion = 10.0.40219.1
Project("{FAE04EC0-301F-11D3-BF4B-00C04F79EFBC}") = "UserInterface", "UserInterface\UserInterface.csproj", "{97ED13C6-BB9F-4F2E-AF92-2AB4B5BF8564}"
EndProject
Project("{FAE04EC0-301F-11D3-BF4B-00C04F79EFBC}") = "Crypto", "Crypto\Crypto.csproj", "{14FC3DB5-2730-411C-8643-08D8CB983CAF}"
EndProject
Global
	GlobalSection(SolutionConfigurationPlatforms) = preSolution
		Debug|Any CPU = Debug|Any CPU
		Release|Any CPU = Release|Any CPU
	EndGlobalSection
	GlobalSection(ProjectConfigurationPlatforms) = postSolution
		{97ED13C6-BB9F-4F2E-AF92-2AB4B5BF8564}.Debug|Any CPU.ActiveCfg = Debug|Any CPU
		{97ED13C6-BB9F-4F2E-AF92-2AB4B5BF8564}.Debug|Any CPU.Build.0 = Debug|Any CPU
		{97ED13C6-BB9F-4F2E-AF92-2AB4B5BF8564}.Release|Any CPU.ActiveCfg = Release|Any CPU
		{97ED13C6-BB9F-4F2E-AF92-2AB4B5BF8564}.Release|Any CPU.Build.0 = Release|Any CPU
		{14FC3DB5-2730-411C-8643-08D8CB983CAF}.Debug|Any CPU.ActiveCfg = Debug|Any CPU
		{14FC3DB5-2730-411C-8643-08D8CB983CAF}.Debug|Any CPU.Build.0 = Debug|Any CPU
		{14FC3DB5-2730-411C-8643-08D8CB983CAF}.Release|Any CPU.ActiveCfg = Release|Any CPU
		{14FC3DB5-2730-411C-8643-08D8CB983CAF}.Release|Any CPU.Build.0 = Release|Any CPU
	EndGlobalSection
	GlobalSection(SolutionProperties) = preSolution
		HideSolutionNode = FALSE
	EndGlobalSection
	GlobalSection(ExtensibilityGlobals) = postSolution
		SolutionGuid = {0F1524B3-50B5-4EA8-8D7B-C3A1EB1FD602}
	EndGlobalSection
EndGlobal
